
Microsoft Visual Studio Solution File, Format Version 11.00
# Visual Studio 2010
Project("{2150E333-8FDC-42A3-9474-1A3956D46DE8}") = "1 Quickstart Scripts", "1 Quickstart Scripts", "{022647FB-569F-4163-8B64-D8BD0BCE2CE0}"
	ProjectSection(SolutionItems) = preProject
		QuickStart.fsx = QuickStart.fsx
		Reference.fsx = Reference.fsx
	EndProjectSection
EndProject
Project("{2150E333-8FDC-42A3-9474-1A3956D46DE8}") = "2 Basic Discrete", "2 Basic Discrete", "{AB9AE738-0EE3-464F-AD79-9A6D1F06C450}"
EndProject
Project("{2150E333-8FDC-42A3-9474-1A3956D46DE8}") = "3 Basic Continuous", "3 Basic Continuous", "{3F770006-CCE0-4CAF-B096-5E4B8BCE25E0}"
EndProject
Project("{2150E333-8FDC-42A3-9474-1A3956D46DE8}") = "4 Example Applications", "4 Example Applications", "{E0D8B740-0AA5-4B55-B8F8-2A2FD4B60A98}"
EndProject
Project("{2150E333-8FDC-42A3-9474-1A3956D46DE8}") = "5 Extensibility", "5 Extensibility", "{65FB0B66-7DCB-459A-B45D-1194D0F4915A}"
EndProject
Project("{F2A71F9B-5D33-465A-A702-920D77279786}") = "Coins2010", "Coins\Coins2010.fsproj", "{6E781316-AD6E-4468-85F2-029B6E49599D}"
EndProject
Project("{F2A71F9B-5D33-465A-A702-920D77279786}") = "Evidence2010", "Evidence\Evidence2010.fsproj", "{7E8F0ECD-38C7-4786-885E-758ED98D5C32}"
EndProject
Project("{F2A71F9B-5D33-465A-A702-920D77279786}") = "MurderMystery2010", "MurderMystery\MurderMystery2010.fsproj", "{989E0A25-13AD-421A-B63E-FEB4C8CFE48C}"
EndProject
Project("{F2A71F9B-5D33-465A-A702-920D77279786}") = "LearningGaussian2010", "LearningGaussian\LearningGaussian2010.fsproj", "{BD92439E-1B82-46E8-9456-78D806B02040}"
EndProject
Project("{F2A71F9B-5D33-465A-A702-920D77279786}") = "MixtureOfGaussians2010", "MixtureOfGaussians\MixtureOfGaussians2010.fsproj", "{90EDC11C-CE10-42F6-9AA6-E6BFBF6CF067}"
EndProject
Project("{F2A71F9B-5D33-465A-A702-920D77279786}") = "TruncatedGaussian2010", "TruncatedGaussian\TruncatedGaussian2010.fsproj", "{B64B0613-2D9F-4712-80FF-F50C75146C8C}"
EndProject
Project("{F2A71F9B-5D33-465A-A702-920D77279786}") = "BayesPointMachine2010", "BayesPointMachine\BayesPointMachine2010.fsproj", "{6C2B8B74-2384-4539-8CE9-9E63EF906FCE}"
EndProject
Project("{F2A71F9B-5D33-465A-A702-920D77279786}") = "ClickGraph2010", "ClickGraph\ClickGraph2010.fsproj", "{2769F949-3CD2-4F3C-B35E-36AC45BCB35D}"
EndProject
Project("{F2A71F9B-5D33-465A-A702-920D77279786}") = "ClinicalTrial2010", "ClinicalTrial\ClinicalTrial2010.fsproj", "{B6F79E1A-0DCB-493C-A5D4-DCC52E64EC31}"
EndProject
Project("{F2A71F9B-5D33-465A-A702-920D77279786}") = "Conference2010", "Conference\Conference2010.fsproj", "{3FC96893-AF21-4A09-9E8F-813E4111C73F}"
EndProject
Project("{F2A71F9B-5D33-465A-A702-920D77279786}") = "LDA2010", "LDA\LDA2010.fsproj", "{73FDCA1C-F56F-4245-96E4-5F498928754E}"
EndProject
Project("{F2A71F9B-5D33-465A-A702-920D77279786}") = "LinearRegression2010", "LinearRegression\LinearRegression2010.fsproj", "{2D214010-5638-47EC-A599-186D8D375470}"
EndProject
Project("{F2A71F9B-5D33-465A-A702-920D77279786}") = "LinearRegressionOnline2010", "LinearRegressionOnline\LinearRegressionOnline2010.fsproj", "{8AA0319F-865A-4063-8B5D-A5DD2DC2787C}"
EndProject
Project("{F2A71F9B-5D33-465A-A702-920D77279786}") = "MontyHall2010", "MontyHall\MontyHall2010.fsproj", "{1B1815C6-9CBC-43B0-AF0A-69BC73FF0628}"
EndProject
Project("{F2A71F9B-5D33-465A-A702-920D77279786}") = "TrueSkill2010", "TrueSkill\TrueSkill2010.fsproj", "{A0A63F34-E54B-428A-AB8A-701FB686E3E6}"
EndProject
Project("{F2A71F9B-5D33-465A-A702-920D77279786}") = "AddFun2010", "AddFun\AddFun2010.fsproj", "{2CF6D8B0-89C8-48BF-B076-0EBEB7BA5E79}"
EndProject
Global
	GlobalSection(SolutionConfigurationPlatforms) = preSolution
		Debug|Any CPU = Debug|Any CPU
		Debug|x64 = Debug|x64
		Debug|x86 = Debug|x86
		Debug64|Any CPU = Debug64|Any CPU
		Debug64|x64 = Debug64|x64
		Debug64|x86 = Debug64|x86
		Release|Any CPU = Release|Any CPU
		Release|x64 = Release|x64
		Release|x86 = Release|x86
	EndGlobalSection
	GlobalSection(ProjectConfigurationPlatforms) = postSolution
		{6E781316-AD6E-4468-85F2-029B6E49599D}.Debug|Any CPU.ActiveCfg = Debug|Any CPU
		{6E781316-AD6E-4468-85F2-029B6E49599D}.Debug|Any CPU.Build.0 = Debug|Any CPU
		{6E781316-AD6E-4468-85F2-029B6E49599D}.Debug|x64.ActiveCfg = Debug|x64
		{6E781316-AD6E-4468-85F2-029B6E49599D}.Debug|x64.Build.0 = Debug|x64
		{6E781316-AD6E-4468-85F2-029B6E49599D}.Debug|x86.ActiveCfg = Debug|x86
		{6E781316-AD6E-4468-85F2-029B6E49599D}.Debug|x86.Build.0 = Debug|x86
		{6E781316-AD6E-4468-85F2-029B6E49599D}.Debug64|Any CPU.ActiveCfg = Debug|Any CPU
		{6E781316-AD6E-4468-85F2-029B6E49599D}.Debug64|Any CPU.Build.0 = Debug|Any CPU
		{6E781316-AD6E-4468-85F2-029B6E49599D}.Debug64|x64.ActiveCfg = Debug|Any CPU
		{6E781316-AD6E-4468-85F2-029B6E49599D}.Debug64|x86.ActiveCfg = Debug|Any CPU
		{6E781316-AD6E-4468-85F2-029B6E49599D}.Release|Any CPU.ActiveCfg = Release|Any CPU
		{6E781316-AD6E-4468-85F2-029B6E49599D}.Release|Any CPU.Build.0 = Release|Any CPU
		{6E781316-AD6E-4468-85F2-029B6E49599D}.Release|x64.ActiveCfg = Release|x64
		{6E781316-AD6E-4468-85F2-029B6E49599D}.Release|x64.Build.0 = Release|x64
		{6E781316-AD6E-4468-85F2-029B6E49599D}.Release|x86.ActiveCfg = Release|x86
		{6E781316-AD6E-4468-85F2-029B6E49599D}.Release|x86.Build.0 = Release|x86
		{7E8F0ECD-38C7-4786-885E-758ED98D5C32}.Debug|Any CPU.ActiveCfg = Debug|Any CPU
		{7E8F0ECD-38C7-4786-885E-758ED98D5C32}.Debug|Any CPU.Build.0 = Debug|Any CPU
		{7E8F0ECD-38C7-4786-885E-758ED98D5C32}.Debug|x64.ActiveCfg = Debug|x64
		{7E8F0ECD-38C7-4786-885E-758ED98D5C32}.Debug|x64.Build.0 = Debug|x64
		{7E8F0ECD-38C7-4786-885E-758ED98D5C32}.Debug|x86.ActiveCfg = Debug|x86
		{7E8F0ECD-38C7-4786-885E-758ED98D5C32}.Debug|x86.Build.0 = Debug|x86
		{7E8F0ECD-38C7-4786-885E-758ED98D5C32}.Debug64|Any CPU.ActiveCfg = Debug|x64
		{7E8F0ECD-38C7-4786-885E-758ED98D5C32}.Debug64|x64.ActiveCfg = Debug|x64
		{7E8F0ECD-38C7-4786-885E-758ED98D5C32}.Debug64|x64.Build.0 = Debug|x64
		{7E8F0ECD-38C7-4786-885E-758ED98D5C32}.Debug64|x86.ActiveCfg = Debug|x64
		{7E8F0ECD-38C7-4786-885E-758ED98D5C32}.Release|Any CPU.ActiveCfg = Release|Any CPU
		{7E8F0ECD-38C7-4786-885E-758ED98D5C32}.Release|Any CPU.Build.0 = Release|Any CPU
		{7E8F0ECD-38C7-4786-885E-758ED98D5C32}.Release|x64.ActiveCfg = Release|x64
		{7E8F0ECD-38C7-4786-885E-758ED98D5C32}.Release|x64.Build.0 = Release|x64
		{7E8F0ECD-38C7-4786-885E-758ED98D5C32}.Release|x86.ActiveCfg = Release|x86
		{7E8F0ECD-38C7-4786-885E-758ED98D5C32}.Release|x86.Build.0 = Release|x86
		{989E0A25-13AD-421A-B63E-FEB4C8CFE48C}.Debug|Any CPU.ActiveCfg = Debug|Any CPU
		{989E0A25-13AD-421A-B63E-FEB4C8CFE48C}.Debug|Any CPU.Build.0 = Debug|Any CPU
		{989E0A25-13AD-421A-B63E-FEB4C8CFE48C}.Debug|x64.ActiveCfg = Debug|x64
		{989E0A25-13AD-421A-B63E-FEB4C8CFE48C}.Debug|x64.Build.0 = Debug|x64
		{989E0A25-13AD-421A-B63E-FEB4C8CFE48C}.Debug|x86.ActiveCfg = Debug|x86
		{989E0A25-13AD-421A-B63E-FEB4C8CFE48C}.Debug|x86.Build.0 = Debug|x86
		{989E0A25-13AD-421A-B63E-FEB4C8CFE48C}.Debug64|Any CPU.ActiveCfg = Debug|Any CPU
		{989E0A25-13AD-421A-B63E-FEB4C8CFE48C}.Debug64|Any CPU.Build.0 = Debug|Any CPU
		{989E0A25-13AD-421A-B63E-FEB4C8CFE48C}.Debug64|x64.ActiveCfg = Debug|Any CPU
		{989E0A25-13AD-421A-B63E-FEB4C8CFE48C}.Debug64|x86.ActiveCfg = Debug|Any CPU
		{989E0A25-13AD-421A-B63E-FEB4C8CFE48C}.Release|Any CPU.ActiveCfg = Release|Any CPU
		{989E0A25-13AD-421A-B63E-FEB4C8CFE48C}.Release|Any CPU.Build.0 = Release|Any CPU
		{989E0A25-13AD-421A-B63E-FEB4C8CFE48C}.Release|x64.ActiveCfg = Release|x64
		{989E0A25-13AD-421A-B63E-FEB4C8CFE48C}.Release|x64.Build.0 = Release|x64
		{989E0A25-13AD-421A-B63E-FEB4C8CFE48C}.Release|x86.ActiveCfg = Release|x86
		{989E0A25-13AD-421A-B63E-FEB4C8CFE48C}.Release|x86.Build.0 = Release|x86
		{BD92439E-1B82-46E8-9456-78D806B02040}.Debug|Any CPU.ActiveCfg = Debug|Any CPU
		{BD92439E-1B82-46E8-9456-78D806B02040}.Debug|Any CPU.Build.0 = Debug|Any CPU
		{BD92439E-1B82-46E8-9456-78D806B02040}.Debug|x64.ActiveCfg = Debug|x64
		{BD92439E-1B82-46E8-9456-78D806B02040}.Debug|x64.Build.0 = Debug|x64
		{BD92439E-1B82-46E8-9456-78D806B02040}.Debug|x86.ActiveCfg = Debug|x86
		{BD92439E-1B82-46E8-9456-78D806B02040}.Debug|x86.Build.0 = Debug|x86
		{BD92439E-1B82-46E8-9456-78D806B02040}.Debug64|Any CPU.ActiveCfg = Debug|Any CPU
		{BD92439E-1B82-46E8-9456-78D806B02040}.Debug64|Any CPU.Build.0 = Debug|Any CPU
		{BD92439E-1B82-46E8-9456-78D806B02040}.Debug64|x64.ActiveCfg = Debug|Any CPU
		{BD92439E-1B82-46E8-9456-78D806B02040}.Debug64|x86.ActiveCfg = Debug|Any CPU
		{BD92439E-1B82-46E8-9456-78D806B02040}.Release|Any CPU.ActiveCfg = Release|Any CPU
		{BD92439E-1B82-46E8-9456-78D806B02040}.Release|Any CPU.Build.0 = Release|Any CPU
		{BD92439E-1B82-46E8-9456-78D806B02040}.Release|x64.ActiveCfg = Release|x64
		{BD92439E-1B82-46E8-9456-78D806B02040}.Release|x64.Build.0 = Release|x64
		{BD92439E-1B82-46E8-9456-78D806B02040}.Release|x86.ActiveCfg = Release|x86
		{BD92439E-1B82-46E8-9456-78D806B02040}.Release|x86.Build.0 = Release|x86
		{90EDC11C-CE10-42F6-9AA6-E6BFBF6CF067}.Debug|Any CPU.ActiveCfg = Debug|Any CPU
		{90EDC11C-CE10-42F6-9AA6-E6BFBF6CF067}.Debug|Any CPU.Build.0 = Debug|Any CPU
		{90EDC11C-CE10-42F6-9AA6-E6BFBF6CF067}.Debug|x64.ActiveCfg = Debug|x64
		{90EDC11C-CE10-42F6-9AA6-E6BFBF6CF067}.Debug|x64.Build.0 = Debug|x64
		{90EDC11C-CE10-42F6-9AA6-E6BFBF6CF067}.Debug|x86.ActiveCfg = Debug|x86
		{90EDC11C-CE10-42F6-9AA6-E6BFBF6CF067}.Debug|x86.Build.0 = Debug|x86
		{90EDC11C-CE10-42F6-9AA6-E6BFBF6CF067}.Debug64|Any CPU.ActiveCfg = Debug|Any CPU
		{90EDC11C-CE10-42F6-9AA6-E6BFBF6CF067}.Debug64|Any CPU.Build.0 = Debug|Any CPU
		{90EDC11C-CE10-42F6-9AA6-E6BFBF6CF067}.Debug64|x64.ActiveCfg = Debug|Any CPU
		{90EDC11C-CE10-42F6-9AA6-E6BFBF6CF067}.Debug64|x86.ActiveCfg = Debug|Any CPU
		{90EDC11C-CE10-42F6-9AA6-E6BFBF6CF067}.Release|Any CPU.ActiveCfg = Release|Any CPU
		{90EDC11C-CE10-42F6-9AA6-E6BFBF6CF067}.Release|Any CPU.Build.0 = Release|Any CPU
		{90EDC11C-CE10-42F6-9AA6-E6BFBF6CF067}.Release|x64.ActiveCfg = Release|x64
		{90EDC11C-CE10-42F6-9AA6-E6BFBF6CF067}.Release|x64.Build.0 = Release|x64
		{90EDC11C-CE10-42F6-9AA6-E6BFBF6CF067}.Release|x86.ActiveCfg = Release|x86
		{90EDC11C-CE10-42F6-9AA6-E6BFBF6CF067}.Release|x86.Build.0 = Release|x86
		{B64B0613-2D9F-4712-80FF-F50C75146C8C}.Debug|Any CPU.ActiveCfg = Debug|Any CPU
		{B64B0613-2D9F-4712-80FF-F50C75146C8C}.Debug|Any CPU.Build.0 = Debug|Any CPU
		{B64B0613-2D9F-4712-80FF-F50C75146C8C}.Debug|x64.ActiveCfg = Debug|x64
		{B64B0613-2D9F-4712-80FF-F50C75146C8C}.Debug|x64.Build.0 = Debug|x64
		{B64B0613-2D9F-4712-80FF-F50C75146C8C}.Debug|x86.ActiveCfg = Debug|x86
		{B64B0613-2D9F-4712-80FF-F50C75146C8C}.Debug|x86.Build.0 = Debug|x86
		{B64B0613-2D9F-4712-80FF-F50C75146C8C}.Debug64|Any CPU.ActiveCfg = Debug|Any CPU
		{B64B0613-2D9F-4712-80FF-F50C75146C8C}.Debug64|Any CPU.Build.0 = Debug|Any CPU
		{B64B0613-2D9F-4712-80FF-F50C75146C8C}.Debug64|x64.ActiveCfg = Debug|Any CPU
		{B64B0613-2D9F-4712-80FF-F50C75146C8C}.Debug64|x86.ActiveCfg = Debug|Any CPU
		{B64B0613-2D9F-4712-80FF-F50C75146C8C}.Release|Any CPU.ActiveCfg = Release|Any CPU
		{B64B0613-2D9F-4712-80FF-F50C75146C8C}.Release|Any CPU.Build.0 = Release|Any CPU
		{B64B0613-2D9F-4712-80FF-F50C75146C8C}.Release|x64.ActiveCfg = Release|x64
		{B64B0613-2D9F-4712-80FF-F50C75146C8C}.Release|x64.Build.0 = Release|x64
		{B64B0613-2D9F-4712-80FF-F50C75146C8C}.Release|x86.ActiveCfg = Release|x86
		{B64B0613-2D9F-4712-80FF-F50C75146C8C}.Release|x86.Build.0 = Release|x86
		{6C2B8B74-2384-4539-8CE9-9E63EF906FCE}.Debug|Any CPU.ActiveCfg = Debug|Any CPU
		{6C2B8B74-2384-4539-8CE9-9E63EF906FCE}.Debug|Any CPU.Build.0 = Debug|Any CPU
		{6C2B8B74-2384-4539-8CE9-9E63EF906FCE}.Debug|x64.ActiveCfg = Debug|x64
		{6C2B8B74-2384-4539-8CE9-9E63EF906FCE}.Debug|x64.Build.0 = Debug|x64
		{6C2B8B74-2384-4539-8CE9-9E63EF906FCE}.Debug|x86.ActiveCfg = Debug|x86
		{6C2B8B74-2384-4539-8CE9-9E63EF906FCE}.Debug|x86.Build.0 = Debug|x86
		{6C2B8B74-2384-4539-8CE9-9E63EF906FCE}.Debug64|Any CPU.ActiveCfg = Debug|Any CPU
		{6C2B8B74-2384-4539-8CE9-9E63EF906FCE}.Debug64|Any CPU.Build.0 = Debug|Any CPU
		{6C2B8B74-2384-4539-8CE9-9E63EF906FCE}.Debug64|x64.ActiveCfg = Debug|Any CPU
		{6C2B8B74-2384-4539-8CE9-9E63EF906FCE}.Debug64|x86.ActiveCfg = Debug|Any CPU
		{6C2B8B74-2384-4539-8CE9-9E63EF906FCE}.Release|Any CPU.ActiveCfg = Release|Any CPU
		{6C2B8B74-2384-4539-8CE9-9E63EF906FCE}.Release|Any CPU.Build.0 = Release|Any CPU
		{6C2B8B74-2384-4539-8CE9-9E63EF906FCE}.Release|x64.ActiveCfg = Release|x64
		{6C2B8B74-2384-4539-8CE9-9E63EF906FCE}.Release|x64.Build.0 = Release|x64
		{6C2B8B74-2384-4539-8CE9-9E63EF906FCE}.Release|x86.ActiveCfg = Release|x86
		{6C2B8B74-2384-4539-8CE9-9E63EF906FCE}.Release|x86.Build.0 = Release|x86
		{2769F949-3CD2-4F3C-B35E-36AC45BCB35D}.Debug|Any CPU.ActiveCfg = Debug|Any CPU
		{2769F949-3CD2-4F3C-B35E-36AC45BCB35D}.Debug|Any CPU.Build.0 = Debug|Any CPU
		{2769F949-3CD2-4F3C-B35E-36AC45BCB35D}.Debug|x64.ActiveCfg = Debug|x64
		{2769F949-3CD2-4F3C-B35E-36AC45BCB35D}.Debug|x64.Build.0 = Debug|x64
		{2769F949-3CD2-4F3C-B35E-36AC45BCB35D}.Debug|x86.ActiveCfg = Debug|x86
		{2769F949-3CD2-4F3C-B35E-36AC45BCB35D}.Debug|x86.Build.0 = Debug|x86
		{2769F949-3CD2-4F3C-B35E-36AC45BCB35D}.Debug64|Any CPU.ActiveCfg = Debug|Any CPU
		{2769F949-3CD2-4F3C-B35E-36AC45BCB35D}.Debug64|Any CPU.Build.0 = Debug|Any CPU
		{2769F949-3CD2-4F3C-B35E-36AC45BCB35D}.Debug64|x64.ActiveCfg = Debug|Any CPU
		{2769F949-3CD2-4F3C-B35E-36AC45BCB35D}.Debug64|x86.ActiveCfg = Debug|Any CPU
		{2769F949-3CD2-4F3C-B35E-36AC45BCB35D}.Release|Any CPU.ActiveCfg = Release|Any CPU
		{2769F949-3CD2-4F3C-B35E-36AC45BCB35D}.Release|Any CPU.Build.0 = Release|Any CPU
		{2769F949-3CD2-4F3C-B35E-36AC45BCB35D}.Release|x64.ActiveCfg = Release|x64
		{2769F949-3CD2-4F3C-B35E-36AC45BCB35D}.Release|x64.Build.0 = Release|x64
		{2769F949-3CD2-4F3C-B35E-36AC45BCB35D}.Release|x86.ActiveCfg = Release|x86
		{2769F949-3CD2-4F3C-B35E-36AC45BCB35D}.Release|x86.Build.0 = Release|x86
		{B6F79E1A-0DCB-493C-A5D4-DCC52E64EC31}.Debug|Any CPU.ActiveCfg = Debug|Any CPU
		{B6F79E1A-0DCB-493C-A5D4-DCC52E64EC31}.Debug|Any CPU.Build.0 = Debug|Any CPU
		{B6F79E1A-0DCB-493C-A5D4-DCC52E64EC31}.Debug|x64.ActiveCfg = Debug|x64
		{B6F79E1A-0DCB-493C-A5D4-DCC52E64EC31}.Debug|x64.Build.0 = Debug|x64
		{B6F79E1A-0DCB-493C-A5D4-DCC52E64EC31}.Debug|x86.ActiveCfg = Debug|x86
		{B6F79E1A-0DCB-493C-A5D4-DCC52E64EC31}.Debug|x86.Build.0 = Debug|x86
		{B6F79E1A-0DCB-493C-A5D4-DCC52E64EC31}.Debug64|Any CPU.ActiveCfg = Debug|Any CPU
		{B6F79E1A-0DCB-493C-A5D4-DCC52E64EC31}.Debug64|Any CPU.Build.0 = Debug|Any CPU
		{B6F79E1A-0DCB-493C-A5D4-DCC52E64EC31}.Debug64|x64.ActiveCfg = Debug|Any CPU
		{B6F79E1A-0DCB-493C-A5D4-DCC52E64EC31}.Debug64|x86.ActiveCfg = Debug|Any CPU
		{B6F79E1A-0DCB-493C-A5D4-DCC52E64EC31}.Release|Any CPU.ActiveCfg = Release|Any CPU
		{B6F79E1A-0DCB-493C-A5D4-DCC52E64EC31}.Release|Any CPU.Build.0 = Release|Any CPU
		{B6F79E1A-0DCB-493C-A5D4-DCC52E64EC31}.Release|x64.ActiveCfg = Release|x64
		{B6F79E1A-0DCB-493C-A5D4-DCC52E64EC31}.Release|x64.Build.0 = Release|x64
		{B6F79E1A-0DCB-493C-A5D4-DCC52E64EC31}.Release|x86.ActiveCfg = Release|x86
		{B6F79E1A-0DCB-493C-A5D4-DCC52E64EC31}.Release|x86.Build.0 = Release|x86
		{3FC96893-AF21-4A09-9E8F-813E4111C73F}.Debug|Any CPU.ActiveCfg = Debug|Any CPU
		{3FC96893-AF21-4A09-9E8F-813E4111C73F}.Debug|Any CPU.Build.0 = Debug|Any CPU
		{3FC96893-AF21-4A09-9E8F-813E4111C73F}.Debug|x64.ActiveCfg = Debug|x64
		{3FC96893-AF21-4A09-9E8F-813E4111C73F}.Debug|x64.Build.0 = Debug|x64
		{3FC96893-AF21-4A09-9E8F-813E4111C73F}.Debug|x86.ActiveCfg = Debug|x86
		{3FC96893-AF21-4A09-9E8F-813E4111C73F}.Debug|x86.Build.0 = Debug|x86
		{3FC96893-AF21-4A09-9E8F-813E4111C73F}.Debug64|Any CPU.ActiveCfg = Debug64|Any CPU
		{3FC96893-AF21-4A09-9E8F-813E4111C73F}.Debug64|Any CPU.Build.0 = Debug64|Any CPU
		{3FC96893-AF21-4A09-9E8F-813E4111C73F}.Debug64|x64.ActiveCfg = Debug64|x64
		{3FC96893-AF21-4A09-9E8F-813E4111C73F}.Debug64|x64.Build.0 = Debug64|x64
		{3FC96893-AF21-4A09-9E8F-813E4111C73F}.Debug64|x86.ActiveCfg = Debug64|x86
		{3FC96893-AF21-4A09-9E8F-813E4111C73F}.Debug64|x86.Build.0 = Debug64|x86
		{3FC96893-AF21-4A09-9E8F-813E4111C73F}.Release|Any CPU.ActiveCfg = Release|Any CPU
		{3FC96893-AF21-4A09-9E8F-813E4111C73F}.Release|Any CPU.Build.0 = Release|Any CPU
		{3FC96893-AF21-4A09-9E8F-813E4111C73F}.Release|x64.ActiveCfg = Release|x64
		{3FC96893-AF21-4A09-9E8F-813E4111C73F}.Release|x64.Build.0 = Release|x64
		{3FC96893-AF21-4A09-9E8F-813E4111C73F}.Release|x86.ActiveCfg = Release|x86
		{3FC96893-AF21-4A09-9E8F-813E4111C73F}.Release|x86.Build.0 = Release|x86
		{73FDCA1C-F56F-4245-96E4-5F498928754E}.Debug|Any CPU.ActiveCfg = Debug|Any CPU
		{73FDCA1C-F56F-4245-96E4-5F498928754E}.Debug|Any CPU.Build.0 = Debug|Any CPU
		{73FDCA1C-F56F-4245-96E4-5F498928754E}.Debug|x64.ActiveCfg = Debug|x64
		{73FDCA1C-F56F-4245-96E4-5F498928754E}.Debug|x64.Build.0 = Debug|x64
		{73FDCA1C-F56F-4245-96E4-5F498928754E}.Debug|x86.ActiveCfg = Debug|x86
		{73FDCA1C-F56F-4245-96E4-5F498928754E}.Debug|x86.Build.0 = Debug|x86
		{73FDCA1C-F56F-4245-96E4-5F498928754E}.Debug64|Any CPU.ActiveCfg = Debug|Any CPU
		{73FDCA1C-F56F-4245-96E4-5F498928754E}.Debug64|Any CPU.Build.0 = Debug|Any CPU
		{73FDCA1C-F56F-4245-96E4-5F498928754E}.Debug64|x64.ActiveCfg = Debug|Any CPU
		{73FDCA1C-F56F-4245-96E4-5F498928754E}.Debug64|x86.ActiveCfg = Debug|Any CPU
		{73FDCA1C-F56F-4245-96E4-5F498928754E}.Release|Any CPU.ActiveCfg = Release|Any CPU
		{73FDCA1C-F56F-4245-96E4-5F498928754E}.Release|Any CPU.Build.0 = Release|Any CPU
		{73FDCA1C-F56F-4245-96E4-5F498928754E}.Release|x64.ActiveCfg = Release|x64
		{73FDCA1C-F56F-4245-96E4-5F498928754E}.Release|x64.Build.0 = Release|x64
		{73FDCA1C-F56F-4245-96E4-5F498928754E}.Release|x86.ActiveCfg = Release|x86
		{73FDCA1C-F56F-4245-96E4-5F498928754E}.Release|x86.Build.0 = Release|x86
		{2D214010-5638-47EC-A599-186D8D375470}.Debug|Any CPU.ActiveCfg = Debug|Any CPU
		{2D214010-5638-47EC-A599-186D8D375470}.Debug|Any CPU.Build.0 = Debug|Any CPU
		{2D214010-5638-47EC-A599-186D8D375470}.Debug|x64.ActiveCfg = Debug|x64
		{2D214010-5638-47EC-A599-186D8D375470}.Debug|x64.Build.0 = Debug|x64
		{2D214010-5638-47EC-A599-186D8D375470}.Debug|x86.ActiveCfg = Debug|x86
		{2D214010-5638-47EC-A599-186D8D375470}.Debug|x86.Build.0 = Debug|x86
		{2D214010-5638-47EC-A599-186D8D375470}.Debug64|Any CPU.ActiveCfg = Debug|Any CPU
		{2D214010-5638-47EC-A599-186D8D375470}.Debug64|Any CPU.Build.0 = Debug|Any CPU
		{2D214010-5638-47EC-A599-186D8D375470}.Debug64|x64.ActiveCfg = Debug|Any CPU
		{2D214010-5638-47EC-A599-186D8D375470}.Debug64|x86.ActiveCfg = Debug|Any CPU
		{2D214010-5638-47EC-A599-186D8D375470}.Release|Any CPU.ActiveCfg = Release|Any CPU
		{2D214010-5638-47EC-A599-186D8D375470}.Release|Any CPU.Build.0 = Release|Any CPU
		{2D214010-5638-47EC-A599-186D8D375470}.Release|x64.ActiveCfg = Release|x64
		{2D214010-5638-47EC-A599-186D8D375470}.Release|x64.Build.0 = Release|x64
		{2D214010-5638-47EC-A599-186D8D375470}.Release|x86.ActiveCfg = Release|x86
		{2D214010-5638-47EC-A599-186D8D375470}.Release|x86.Build.0 = Release|x86
		{8AA0319F-865A-4063-8B5D-A5DD2DC2787C}.Debug|Any CPU.ActiveCfg = Debug|Any CPU
		{8AA0319F-865A-4063-8B5D-A5DD2DC2787C}.Debug|Any CPU.Build.0 = Debug|Any CPU
		{8AA0319F-865A-4063-8B5D-A5DD2DC2787C}.Debug|x64.ActiveCfg = Debug|x86
		{8AA0319F-865A-4063-8B5D-A5DD2DC2787C}.Debug|x86.ActiveCfg = Debug|x86
		{8AA0319F-865A-4063-8B5D-A5DD2DC2787C}.Debug|x86.Build.0 = Debug|x86
		{8AA0319F-865A-4063-8B5D-A5DD2DC2787C}.Debug64|Any CPU.ActiveCfg = Debug|Any CPU
		{8AA0319F-865A-4063-8B5D-A5DD2DC2787C}.Debug64|Any CPU.Build.0 = Debug|Any CPU
		{8AA0319F-865A-4063-8B5D-A5DD2DC2787C}.Debug64|x64.ActiveCfg = Debug|Any CPU
		{8AA0319F-865A-4063-8B5D-A5DD2DC2787C}.Debug64|x86.ActiveCfg = Debug|Any CPU
		{8AA0319F-865A-4063-8B5D-A5DD2DC2787C}.Release|Any CPU.ActiveCfg = Release|Any CPU
		{8AA0319F-865A-4063-8B5D-A5DD2DC2787C}.Release|Any CPU.Build.0 = Release|Any CPU
		{8AA0319F-865A-4063-8B5D-A5DD2DC2787C}.Release|x64.ActiveCfg = Release|x86
		{8AA0319F-865A-4063-8B5D-A5DD2DC2787C}.Release|x86.ActiveCfg = Release|x86
		{8AA0319F-865A-4063-8B5D-A5DD2DC2787C}.Release|x86.Build.0 = Release|x86
		{1B1815C6-9CBC-43B0-AF0A-69BC73FF0628}.Debug|Any CPU.ActiveCfg = Debug|Any CPU
		{1B1815C6-9CBC-43B0-AF0A-69BC73FF0628}.Debug|Any CPU.Build.0 = Debug|Any CPU
		{1B1815C6-9CBC-43B0-AF0A-69BC73FF0628}.Debug|x64.ActiveCfg = Debug|x86
		{1B1815C6-9CBC-43B0-AF0A-69BC73FF0628}.Debug|x86.ActiveCfg = Debug|x86
		{1B1815C6-9CBC-43B0-AF0A-69BC73FF0628}.Debug|x86.Build.0 = Debug|x86
		{1B1815C6-9CBC-43B0-AF0A-69BC73FF0628}.Debug64|Any CPU.ActiveCfg = Debug|Any CPU
		{1B1815C6-9CBC-43B0-AF0A-69BC73FF0628}.Debug64|Any CPU.Build.0 = Debug|Any CPU
		{1B1815C6-9CBC-43B0-AF0A-69BC73FF0628}.Debug64|x64.ActiveCfg = Debug|Any CPU
		{1B1815C6-9CBC-43B0-AF0A-69BC73FF0628}.Debug64|x86.ActiveCfg = Debug|Any CPU
		{1B1815C6-9CBC-43B0-AF0A-69BC73FF0628}.Release|Any CPU.ActiveCfg = Release|Any CPU
		{1B1815C6-9CBC-43B0-AF0A-69BC73FF0628}.Release|Any CPU.Build.0 = Release|Any CPU
		{1B1815C6-9CBC-43B0-AF0A-69BC73FF0628}.Release|x64.ActiveCfg = Release|x86
		{1B1815C6-9CBC-43B0-AF0A-69BC73FF0628}.Release|x86.ActiveCfg = Release|x86
		{1B1815C6-9CBC-43B0-AF0A-69BC73FF0628}.Release|x86.Build.0 = Release|x86
		{A0A63F34-E54B-428A-AB8A-701FB686E3E6}.Debug|Any CPU.ActiveCfg = Debug|Any CPU
		{A0A63F34-E54B-428A-AB8A-701FB686E3E6}.Debug|Any CPU.Build.0 = Debug|Any CPU
		{A0A63F34-E54B-428A-AB8A-701FB686E3E6}.Debug|x64.ActiveCfg = Debug|x64
		{A0A63F34-E54B-428A-AB8A-701FB686E3E6}.Debug|x64.Build.0 = Debug|x64
		{A0A63F34-E54B-428A-AB8A-701FB686E3E6}.Debug|x86.ActiveCfg = Debug|x86
		{A0A63F34-E54B-428A-AB8A-701FB686E3E6}.Debug|x86.Build.0 = Debug|x86
		{A0A63F34-E54B-428A-AB8A-701FB686E3E6}.Debug64|Any CPU.ActiveCfg = Debug|Any CPU
		{A0A63F34-E54B-428A-AB8A-701FB686E3E6}.Debug64|Any CPU.Build.0 = Debug|Any CPU
		{A0A63F34-E54B-428A-AB8A-701FB686E3E6}.Debug64|x64.ActiveCfg = Debug|Any CPU
		{A0A63F34-E54B-428A-AB8A-701FB686E3E6}.Debug64|x86.ActiveCfg = Debug|Any CPU
		{A0A63F34-E54B-428A-AB8A-701FB686E3E6}.Release|Any CPU.ActiveCfg = Release|Any CPU
		{A0A63F34-E54B-428A-AB8A-701FB686E3E6}.Release|Any CPU.Build.0 = Release|Any CPU
		{A0A63F34-E54B-428A-AB8A-701FB686E3E6}.Release|x64.ActiveCfg = Release|x64
		{A0A63F34-E54B-428A-AB8A-701FB686E3E6}.Release|x64.Build.0 = Release|x64
		{A0A63F34-E54B-428A-AB8A-701FB686E3E6}.Release|x86.ActiveCfg = Release|x86
		{A0A63F34-E54B-428A-AB8A-701FB686E3E6}.Release|x86.Build.0 = Release|x86
		{2CF6D8B0-89C8-48BF-B076-0EBEB7BA5E79}.Debug|Any CPU.ActiveCfg = Debug|Any CPU
		{2CF6D8B0-89C8-48BF-B076-0EBEB7BA5E79}.Debug|Any CPU.Build.0 = Debug|Any CPU
		{2CF6D8B0-89C8-48BF-B076-0EBEB7BA5E79}.Debug|x64.ActiveCfg = Debug|x64
		{2CF6D8B0-89C8-48BF-B076-0EBEB7BA5E79}.Debug|x64.Build.0 = Debug|x64
		{2CF6D8B0-89C8-48BF-B076-0EBEB7BA5E79}.Debug|x86.ActiveCfg = Debug|x86
		{2CF6D8B0-89C8-48BF-B076-0EBEB7BA5E79}.Debug|x86.Build.0 = Debug|x86
		{2CF6D8B0-89C8-48BF-B076-0EBEB7BA5E79}.Debug64|Any CPU.ActiveCfg = Debug|Any CPU
		{2CF6D8B0-89C8-48BF-B076-0EBEB7BA5E79}.Debug64|Any CPU.Build.0 = Debug|Any CPU
		{2CF6D8B0-89C8-48BF-B076-0EBEB7BA5E79}.Debug64|x64.ActiveCfg = Debug|Any CPU
		{2CF6D8B0-89C8-48BF-B076-0EBEB7BA5E79}.Debug64|x86.ActiveCfg = Debug|Any CPU
		{2CF6D8B0-89C8-48BF-B076-0EBEB7BA5E79}.Release|Any CPU.ActiveCfg = Release|Any CPU
		{2CF6D8B0-89C8-48BF-B076-0EBEB7BA5E79}.Release|Any CPU.Build.0 = Release|Any CPU
		{2CF6D8B0-89C8-48BF-B076-0EBEB7BA5E79}.Release|x64.ActiveCfg = Release|x64
		{2CF6D8B0-89C8-48BF-B076-0EBEB7BA5E79}.Release|x64.Build.0 = Release|x64
		{2CF6D8B0-89C8-48BF-B076-0EBEB7BA5E79}.Release|x86.ActiveCfg = Release|x86
		{2CF6D8B0-89C8-48BF-B076-0EBEB7BA5E79}.Release|x86.Build.0 = Release|x86
	EndGlobalSection
	GlobalSection(SolutionProperties) = preSolution
		HideSolutionNode = FALSE
	EndGlobalSection
	GlobalSection(NestedProjects) = preSolution
		{6E781316-AD6E-4468-85F2-029B6E49599D} = {AB9AE738-0EE3-464F-AD79-9A6D1F06C450}
		{7E8F0ECD-38C7-4786-885E-758ED98D5C32} = {AB9AE738-0EE3-464F-AD79-9A6D1F06C450}
		{989E0A25-13AD-421A-B63E-FEB4C8CFE48C} = {AB9AE738-0EE3-464F-AD79-9A6D1F06C450}
		{2CF6D8B0-89C8-48BF-B076-0EBEB7BA5E79} = {65FB0B66-7DCB-459A-B45D-1194D0F4915A}
		{6C2B8B74-2384-4539-8CE9-9E63EF906FCE} = {E0D8B740-0AA5-4B55-B8F8-2A2FD4B60A98}
		{2769F949-3CD2-4F3C-B35E-36AC45BCB35D} = {E0D8B740-0AA5-4B55-B8F8-2A2FD4B60A98}
		{B6F79E1A-0DCB-493C-A5D4-DCC52E64EC31} = {E0D8B740-0AA5-4B55-B8F8-2A2FD4B60A98}
		{3FC96893-AF21-4A09-9E8F-813E4111C73F} = {E0D8B740-0AA5-4B55-B8F8-2A2FD4B60A98}
		{73FDCA1C-F56F-4245-96E4-5F498928754E} = {E0D8B740-0AA5-4B55-B8F8-2A2FD4B60A98}
		{2D214010-5638-47EC-A599-186D8D375470} = {E0D8B740-0AA5-4B55-B8F8-2A2FD4B60A98}
		{8AA0319F-865A-4063-8B5D-A5DD2DC2787C} = {E0D8B740-0AA5-4B55-B8F8-2A2FD4B60A98}
		{1B1815C6-9CBC-43B0-AF0A-69BC73FF0628} = {E0D8B740-0AA5-4B55-B8F8-2A2FD4B60A98}
		{A0A63F34-E54B-428A-AB8A-701FB686E3E6} = {E0D8B740-0AA5-4B55-B8F8-2A2FD4B60A98}
		{BD92439E-1B82-46E8-9456-78D806B02040} = {3F770006-CCE0-4CAF-B096-5E4B8BCE25E0}
		{90EDC11C-CE10-42F6-9AA6-E6BFBF6CF067} = {3F770006-CCE0-4CAF-B096-5E4B8BCE25E0}
		{B64B0613-2D9F-4712-80FF-F50C75146C8C} = {3F770006-CCE0-4CAF-B096-5E4B8BCE25E0}
	EndGlobalSection
EndGlobal
